# This file is automatically @generated by Cargo.
# It is not intended for manual editing.
version = 4

[[package]]
name = "aead"
version = "0.5.2"
source = "registry+https://github.com/rust-lang/crates.io-index"
checksum = "d122413f284cf2d62fb1b7db97e02edb8cda96d769b16e443a4f6195e35662b0"
dependencies = [
 "crypto-common 0.1.7",
 "generic-array",
]

[[package]]
name = "aes"
version = "0.8.4"
source = "registry+https://github.com/rust-lang/crates.io-index"
checksum = "b169f7a6d4742236a0a00c541b845991d0ac43e546831af1249753ab4c3aa3a0"
dependencies = [
 "cfg-if",
 "cipher",
 "cpufeatures 0.2.17",
]

[[package]]
name = "aes-gcm"
version = "0.10.3"
source = "registry+https://github.com/rust-lang/crates.io-index"
checksum = "831010a0f742e1209b3bcea8fab6a8e149051ba6099432c8cb2cc117dec3ead1"
dependencies = [
 "aead",
 "aes",
 "cipher",
 "ctr",
 "ghash",
 "subtle",
]

[[package]]
name = "autocfg"
version = "1.5.1"
source = "registry+https://github.com/rust-lang/crates.io-index"
checksum = "f2032f911046de80f0a198e0901378627c33f59ea0ac00e363d481118bd70a53"

[[package]]
name = "base16ct"
version = "1.0.0"
source = "registry+https://github.com/rust-lang/crates.io-index"
checksum = "fd307490d624467aa6f74b0eabb77633d1f758a7b25f12bceb0b22e08d9726f6"

[[package]]
name = "block-buffer"
version = "0.10.4"
source = "registry+https://github.com/rust-lang/crates.io-index"
checksum = "3078c7629b62d3f0439517fa394996acacc5cbc91c5a20d8c658e77abd503a71"
dependencies = [
 "generic-array",
]

[[package]]
name = "block-buffer"
version = "0.12.1"
source = "registry+https://github.com/rust-lang/crates.io-index"
checksum = "d2f6c7dbe95a6ed67ad9f18e57daf93a2f034c524b99fd2b76d18fdfeb6660aa"
dependencies = [
 "hybrid-array",
]

[[package]]
name = "cfg-if"
version = "1.0.4"
source = "registry+https://github.com/rust-lang/crates.io-index"
checksum = "9330f8b2ff13f34540b44e946ef35111825727b38d33286ef986142615121801"

[[package]]
name = "chacha20"
version = "0.9.1"
source = "registry+https://github.com/rust-lang/crates.io-index"
checksum = "c3613f74bd2eac03dad61bd53dbe620703d4371614fe0bc3b9f04dd36fe4e818"
dependencies = [
 "cfg-if",
 "cipher",
 "cpufeatures 0.2.17",
]

[[package]]
name = "chacha20poly1305"
version = "0.10.1"
source = "registry+https://github.com/rust-lang/crates.io-index"
checksum = "10cd79432192d1c0f4e1a0fef9527696cc039165d729fb41b3f4f4f354c2dc35"
dependencies = [
 "aead",
 "chacha20",
 "cipher",
 "poly1305",
 "zeroize",
]

[[package]]
name = "cipher"
version = "0.4.4"
source = "registry+https://github.com/rust-lang/crates.io-index"
checksum = "773f3b9af64447d2ce9850330c473515014aa235e6a783b02db81ff39e4a3dad"
dependencies = [
 "crypto-common 0.1.7",
 "inout",
 "zeroize",
]

[[package]]
name = "cmov"
version = "0.5.4"
source = "registry+https://github.com/rust-lang/crates.io-index"
checksum = "0c9ea0ac24bc397ab3c98583a3c9ba74fa56b09a4449bbe172b9b1ddb016027a"

[[package]]
name = "const-oid"
version = "0.10.2"
source = "registry+https://github.com/rust-lang/crates.io-index"
checksum = "a6ef517f0926dd24a1582492c791b6a4818a4d94e789a334894aa15b0d12f55c"

[[package]]
name = "cpubits"
version = "0.1.1"
source = "registry+https://github.com/rust-lang/crates.io-index"
checksum = "15b85f9c39137c3a891689859392b1bd49812121d0d61c9caf00d46ed5ce06ae"

[[package]]
name = "cpufeatures"
version = "0.2.17"
source = "registry+https://github.com/rust-lang/crates.io-index"
checksum = "59ed5838eebb26a2bb2e58f6d5b5316989ae9d08bab10e0e6d103e656d1b0280"
dependencies = [
 "libc",
]

[[package]]
name = "cpufeatures"
version = "0.3.0"
source = "registry+https://github.com/rust-lang/crates.io-index"
checksum = "8b2a41393f66f16b0823bb79094d54ac5fbd34ab292ddafb9a0456ac9f87d201"
dependencies = [
 "libc",
]

[[package]]
name = "crypto-bigint"
version = "0.7.5"
source = "registry+https://github.com/rust-lang/crates.io-index"
checksum = "1a52aa3fcda4e6302a9f48734f234d35d4721b96f8fe07d073f07ce9df4f0271"
dependencies = [
 "cpubits",
 "ctutils",
 "hybrid-array",
 "num-traits",
 "rand_core",
 "subtle",
 "zeroize",
]

[[package]]
name = "crypto-common"
version = "0.1.7"
source = "registry+https://github.com/rust-lang/crates.io-index"
checksum = "78c8292055d1c1df0cce5d180393dc8cce0abec0a7102adb6c7b1eef6016d60a"
dependencies = [
 "generic-array",
 "typenum",
]

[[package]]
name = "crypto-common"
version = "0.2.2"
source = "registry+https://github.com/rust-lang/crates.io-index"
checksum = "ce6e4c961d6cd6c9a86db418387425e8bdeaf05b3c8bc1411e6dca4c252f1453"
dependencies = [
 "hybrid-array",
 "rand_core",
]

[[package]]
name = "ctr"
version = "0.9.2"
source = "registry+https://github.com/rust-lang/crates.io-index"
checksum = "0369ee1ad671834580515889b80f2ea915f23b8be8d0daa4bbaf2ac5c7590835"
dependencies = [
 "cipher",
]

[[package]]
name = "ctutils"
version = "0.4.2"
source = "registry+https://github.com/rust-lang/crates.io-index"
checksum = "7d5515a3834141de9eafb9717ad39eea8247b5674e6066c404e8c4b365d2a29e"
dependencies = [
 "cmov",
 "subtle",
]

[[package]]
name = "curve25519-dalek"
version = "5.0.0"
source = "registry+https://github.com/rust-lang/crates.io-index"
checksum = "b5eed333089e2e1c1ac8c6c0398e5e2497b4c9926ca6d0365ed1e099afa5bc23"
dependencies = [
 "cfg-if",
 "cpufeatures 0.3.0",
 "curve25519-dalek-derive",
 "fiat-crypto",
 "rustc_version",
 "subtle",
]

[[package]]
name = "curve25519-dalek-derive"
version = "0.1.1"
source = "registry+https://github.com/rust-lang/crates.io-index"
checksum = "f46882e17999c6cc590af592290432be3bce0428cb0d5f8b6715e4dc7b383eb3"
dependencies = [
 "proc-macro2",
 "quote",
 "syn",
]

[[package]]
name = "der"
version = "0.8.1"
source = "registry+https://github.com/rust-lang/crates.io-index"
checksum = "a69dedd701da44b0536442edf09c81a64b0ab97a7a4a5e3d1971f00027cbc63d"
dependencies = [
 "const-oid",
 "zeroize",
]

[[package]]
name = "digest"
version = "0.10.7"
source = "registry+https://github.com/rust-lang/crates.io-index"
checksum = "9ed9a281f7bc9b7576e61468ba615a66a5c8cfdff42420a70aa82701a3b1e292"
dependencies = [
 "block-buffer 0.10.4",
 "crypto-common 0.1.7",
 "subtle",
]

[[package]]
name = "digest"
version = "0.11.3"
source = "registry+https://github.com/rust-lang/crates.io-index"
checksum = "f1dd6dbb5841937940781866fa1281a1ff7bd3bf827091440879f9994983d5c2"
dependencies = [
 "block-buffer 0.12.1",
 "crypto-common 0.2.2",
 "ctutils",
]

[[package]]
name = "elliptic-curve"
version = "0.14.1"
source = "registry+https://github.com/rust-lang/crates.io-index"
checksum = "9d65aa39b3a5c1c9c1b745c9a019234bb7a21b77abcb4f4d266d706e2d577d65"
dependencies = [
 "base16ct",
 "crypto-bigint",
 "crypto-common 0.2.2",
 "digest 0.11.3",
 "ff",
 "group",
 "hkdf",
 "hybrid-array",
 "rand_core",
 "sec1",
 "subtle",
 "zeroize",
]

[[package]]
name = "ff"
version = "0.14.0"
source = "registry+https://github.com/rust-lang/crates.io-index"
checksum = "a1f686ab92a9fb0eaf188f6c6c87b89490baa6fdb0db4544ba4dc47f7942489f"
dependencies = [
 "rand_core",
 "subtle",
]

[[package]]
name = "fiat-crypto"
version = "0.3.0"
source = "registry+https://github.com/rust-lang/crates.io-index"
checksum = "64cd1e32ddd350061ae6edb1b082d7c54915b5c672c389143b9a63403a109f24"

[[package]]
name = "generic-array"
version = "0.14.7"
source = "registry+https://github.com/rust-lang/crates.io-index"
checksum = "85649ca51fd72272d7821adaf274ad91c288277713d9c18820d8499a7ff69e9a"
dependencies = [
 "typenum",
 "version_check",
]

[[package]]
name = "ghash"
version = "0.5.1"
source = "registry+https://github.com/rust-lang/crates.io-index"
checksum = "f0d8a4362ccb29cb0b265253fb0a2728f592895ee6854fd9bc13f2ffda266ff1"
dependencies = [
 "opaque-debug",
 "polyval",
]

[[package]]
name = "group"
version = "0.14.0"
source = "registry+https://github.com/rust-lang/crates.io-index"
checksum = "7fd1a1c7a5206c5b7a3f5a0d7ccd3ff85d0c8f5133d62a02680255b0004af5f4"
dependencies = [
 "ff",
 "rand_core",
 "subtle",
]

[[package]]
name = "hkdf"
version = "0.13.0"
source = "registry+https://github.com/rust-lang/crates.io-index"
checksum = "4aaa26c720c68b866f2c96ef5c1264b3e6f473fe5d4ce61cd44bbe913e553018"
dependencies = [
 "hmac 0.13.0",
]

[[package]]
name = "hmac"
version = "0.12.1"
source = "registry+https://github.com/rust-lang/crates.io-index"
checksum = "6c49c37c09c17a53d937dfbb742eb3a961d65a994e6bcdcf37e7399d0cc8ab5e"
dependencies = [
 "digest 0.10.7",
]

[[package]]
name = "hmac"
version = "0.13.0"
source = "registry+https://github.com/rust-lang/crates.io-index"
checksum = "6303bc9732ae41b04cb554b844a762b4115a61bfaa81e3e83050991eeb56863f"
dependencies = [
 "digest 0.11.3",
]

[[package]]
name = "hybrid-array"
version = "0.4.14"
source = "registry+https://github.com/rust-lang/crates.io-index"
checksum = "707114b52a152fa7bdb290cd7cd5912d9467273b6d74e21b8d81aca1f8533f6b"
dependencies = [
 "subtle",
 "typenum",
 "zeroize",
]

[[package]]
name = "inout"
version = "0.1.4"
source = "registry+https://github.com/rust-lang/crates.io-index"
checksum = "879f10e63c20629ecabbb64a8010319738c66a5cd0c29b02d63d272b03751d01"
dependencies = [
 "generic-array",
]

[[package]]
name = "libc"
version = "0.2.186"
source = "registry+https://github.com/rust-lang/crates.io-index"
checksum = "68ab91017fe16c622486840e4c83c9a37afeff978bd239b5293d61ece587de66"

[[package]]
name = "num-traits"
version = "0.2.19"
source = "registry+https://github.com/rust-lang/crates.io-index"
checksum = "071dfc062690e90b734c0b2273ce72ad0ffa95f0c74596bc250dcfd960262841"
dependencies = [
 "autocfg",
]

[[package]]
name = "opaque-debug"
version = "0.3.1"
source = "registry+https://github.com/rust-lang/crates.io-index"
checksum = "c08d65885ee38876c4f86fa503fb49d7b507c2b62552df7c70b2fce627e06381"

[[package]]
name = "p256"
version = "0.14.0"
source = "registry+https://github.com/rust-lang/crates.io-index"
checksum = "d2c9239b2dbc807adbbe147e8cf72ea7450c3a0aabe62cb8e75ff4ec22e1f72a"
dependencies = [
 "elliptic-curve",
 "primefield",
 "primeorder",
]

[[package]]
name = "p384"
version = "0.14.0"
source = "registry+https://github.com/rust-lang/crates.io-index"
checksum = "d17b851e6b3e378ab4ecb07fa2ed23f4d15f075735f8fec9fa1e7bdce5f8301f"
dependencies = [
 "elliptic-curve",
 "fiat-crypto",
 "primefield",
 "primeorder",
]

[[package]]
name = "pbkdf2"
version = "0.12.2"
source = "registry+https://github.com/rust-lang/crates.io-index"
checksum = "f8ed6a7761f76e3b9f92dfb0a60a6a6477c61024b775147ff0973a02653abaf2"
dependencies = [
 "digest 0.10.7",
 "hmac 0.12.1",
]

[[package]]
name = "poly1305"
version = "0.8.0"
source = "registry+https://github.com/rust-lang/crates.io-index"
checksum = "8159bd90725d2df49889a078b54f4f79e87f1f8a8444194cdca81d38f5393abf"
dependencies = [
 "cpufeatures 0.2.17",
 "opaque-debug",
 "universal-hash",
]

[[package]]
name = "polyval"
version = "0.6.2"
source = "registry+https://github.com/rust-lang/crates.io-index"
checksum = "9d1fe60d06143b2430aa532c94cfe9e29783047f06c0d7fd359a9a51b729fa25"
dependencies = [
 "cfg-if",
 "cpufeatures 0.2.17",
 "opaque-debug",
 "universal-hash",
]

[[package]]
name = "primefield"
version = "0.14.0"
source = "registry+https://github.com/rust-lang/crates.io-index"
checksum = "c555a6e4eb7d4e158fcb028c835c3b8642206ddc279b5c6b202ef9a8bdb592f4"
dependencies = [
 "crypto-bigint",
 "crypto-common 0.2.2",
 "ff",
 "rand_core",
 "subtle",
 "zeroize",
]

[[package]]
name = "primeorder"
version = "0.14.0"
source = "registry+https://github.com/rust-lang/crates.io-index"
checksum = "5c9f42978c78a00e3d68f69fc03e57a234debae69da4020a4fb588fcdcd07b06"
dependencies = [
 "elliptic-curve",
 "primefield",
 "wnaf",
]

[[package]]
name = "proc-macro2"
version = "1.0.107"
source = "registry+https://github.com/rust-lang/crates.io-index"
checksum = "985e7ec9bb745e6ce6535b544d84d6cd6f7ad8bd711c398938ae983b91a766d9"
dependencies = [
 "unicode-ident",
]

[[package]]
name = "quote"
version = "1.0.47"
source = "registry+https://github.com/rust-lang/crates.io-index"
checksum = "1fbf4db142a473a8d80c26bbf18454ed458bf8d26c8219c331daecfdbd079001"
dependencies = [
 "proc-macro2",
]

[[package]]
name = "rand_core"
version = "0.10.1"
source = "registry+https://github.com/rust-lang/crates.io-index"
checksum = "63b8176103e19a2643978565ca18b50549f6101881c443590420e4dc998a3c69"

[[package]]
name = "rustc_version"
version = "0.4.1"
source = "registry+https://github.com/rust-lang/crates.io-index"
checksum = "cfcb3a22ef46e85b45de6ee7e79d063319ebb6594faafcf1c225ea92ab6e9b92"
dependencies = [
 "semver",
]

[[package]]
name = "sec1"
version = "0.8.1"
source = "registry+https://github.com/rust-lang/crates.io-index"
checksum = "d56d437c2f19203ce5f7122e507831de96f3d2d4d3be5af44a0b0a09d8a80e4d"
dependencies = [
 "base16ct",
 "ctutils",
 "der",
 "hybrid-array",
 "subtle",
 "zeroize",
]

[[package]]
name = "semver"
version = "1.0.28"
source = "registry+https://github.com/rust-lang/crates.io-index"
checksum = "8a7852d02fc848982e0c167ef163aaff9cd91dc640ba85e263cb1ce46fae51cd"

[[package]]
name = "sha1"
version = "0.10.7"
source = "registry+https://github.com/rust-lang/crates.io-index"
checksum = "a978451301f4db1d02937a4ab3ccce137717b81826e79b7d49ffe3244a13c3b8"
dependencies = [
 "cfg-if",
 "cpufeatures 0.2.17",
 "digest 0.10.7",
]

[[package]]
name = "sha2"
version = "0.10.9"
source = "registry+https://github.com/rust-lang/crates.io-index"
checksum = "a7507d819769d01a365ab707794a4084392c824f54a7a6a7862f8c3d0892b283"
dependencies = [
 "cfg-if",
 "cpufeatures 0.2.17",
 "digest 0.10.7",
]

[[package]]
name = "subtle"
version = "2.6.1"
source = "registry+https://github.com/rust-lang/crates.io-index"
checksum = "13c2bddecc57b384dee18652358fb23172facb8a2c51ccc10d74c157bdea3292"

[[package]]
name = "syn"
version = "2.0.119"
source = "registry+https://github.com/rust-lang/crates.io-index"
checksum = "872831b642d1a07999a962a351ed35b955ea2cfc8f3862091e2a240a84f17297"
dependencies = [
 "proc-macro2",
 "quote",
 "unicode-ident",
]

[[package]]
name = "tyn_crypto_nif"
version = "0.1.0"
dependencies = [
 "aes-gcm",
 "chacha20poly1305",
 "hmac 0.12.1",
 "p256",
 "p384",
 "pbkdf2",
 "sha1",
 "sha2",
 "subtle",
 "x25519-dalek",
]

[[package]]
name = "typenum"
version = "1.20.1"
source = "registry+https://github.com/rust-lang/crates.io-index"
checksum = "b6f5e870be6c3b371b77fe0ee0bafb859fa4964b4404c27de1d380043c4dda20"

[[package]]
name = "unicode-ident"
version = "1.0.24"
source = "registry+https://github.com/rust-lang/crates.io-index"
checksum = "e6e4313cd5fcd3dad5cafa179702e2b244f760991f45397d14d4ebf38247da75"

[[package]]
name = "universal-hash"
version = "0.5.1"
source = "registry+https://github.com/rust-lang/crates.io-index"
checksum = "fc1de2c688dc15305988b563c3854064043356019f97a4b46276fe734c4f07ea"
dependencies = [
 "crypto-common 0.1.7",
 "subtle",
]

[[package]]
name = "version_check"
version = "0.9.5"
source = "registry+https://github.com/rust-lang/crates.io-index"
checksum = "0b928f33d975fc6ad9f86c8f283853ad26bdd5b10b7f1542aa2fa15e2289105a"

[[package]]
name = "wnaf"
version = "0.14.0"
source = "registry+https://github.com/rust-lang/crates.io-index"
checksum = "ab12e7090f27e2ffd9322651492942d50c2926094af30601e1964337db39daf1"
dependencies = [
 "ff",
 "group",
 "hybrid-array",
]

[[package]]
name = "x25519-dalek"
version = "3.0.0"
source = "registry+https://github.com/rust-lang/crates.io-index"
checksum = "e7e8131a03190127fb2263afc72b322ecadae46b6ff8c6f399ff5d02f5559af6"
dependencies = [
 "curve25519-dalek",
 "rand_core",
]

[[package]]
name = "zeroize"
version = "1.9.0"
source = "registry+https://github.com/rust-lang/crates.io-index"
checksum = "e13c156562582aa81c60cb29407084cdb54c4164760106ab78e6c5b0858cf64e"
